
Microsoft Visual Studio Solution File, Format Version 12.00
# Visual Studio Version 17
VisualStudioVersion = 17.0.31903.59
MinimumVisualStudioVersion = 10.0.40219.1
Project("{FAE04EC0-301F-11D3-BF4B-00C04F79EFBC}") = "PersonalJournal.API", "PersonalJournal.API\PersonalJournal.API.csproj", "{F4CC29ED-70D1-4DD5-B4DD-8DCA1F209510}"
EndProject
Project("{FAE04EC0-301F-11D3-BF4B-00C04F79EFBC}") = "PersonalJournal.Tests", "PersonalJournal.Tests\PersonalJournal.Tests.csproj", "{D2BD5C56-FC53-409D-9065-E147741CE73D}"
EndProject
Global
	GlobalSection(SolutionConfigurationPlatforms) = preSolution
		Debug|Any CPU = Debug|Any CPU
		Release|Any CPU = Release|Any CPU
	EndGlobalSection
	GlobalSection(SolutionProperties) = preSolution
		HideSolutionNode = FALSE
	EndGlobalSection
	GlobalSection(ProjectConfigurationPlatforms) = postSolution
		{F4CC29ED-70D1-4DD5-B4DD-8DCA1F209510}.Debug|Any CPU.ActiveCfg = Debug|Any CPU
		{F4CC29ED-70D1-4DD5-B4DD-8DCA1F209510}.Debug|Any CPU.Build.0 = Debug|Any CPU
		{F4CC29ED-70D1-4DD5-B4DD-8DCA1F209510}.Release|Any CPU.ActiveCfg = Release|Any CPU
		{F4CC29ED-70D1-4DD5-B4DD-8DCA1F209510}.Release|Any CPU.Build.0 = Release|Any CPU
		{D2BD5C56-FC53-409D-9065-E147741CE73D}.Debug|Any CPU.ActiveCfg = Debug|Any CPU
		{D2BD5C56-FC53-409D-9065-E147741CE73D}.Debug|Any CPU.Build.0 = Debug|Any CPU
		{D2BD5C56-FC53-409D-9065-E147741CE73D}.Release|Any CPU.ActiveCfg = Release|Any CPU
		{D2BD5C56-FC53-409D-9065-E147741CE73D}.Release|Any CPU.Build.0 = Release|Any CPU
	EndGlobalSection
EndGlobal
